
Microsoft Visual Studio Solution File, Format Version 12.00
# Visual Studio Version 17
VisualStudioVersion = 17.13.35825.156
MinimumVisualStudioVersion = 10.0.40219.1
Project("{FAE04EC0-301F-11D3-BF4B-00C04F79EFBC}") = "LnkFileAnalyzer", "LnkFileAnalyzer.csproj", "{E03954E8-35D1-4547-8CDC-6DA9FF58B87D}"
EndProject
Project("{2150E333-8FDC-42A3-9474-1A3956D46DE8}") = "Solution Items", "Solution Items", "{02EA681E-C7D8-13C7-8484-4AC65E1B71E8}"
	ProjectSection(SolutionItems) = preProject
		CreateBadLNK.ps1 = CreateBadLNK.ps1
		CreateGoodLNK.ps1 = CreateGoodLNK.ps1
	EndProjectSection
EndProject
Global
	GlobalSection(SolutionConfigurationPlatforms) = preSolution
		Debug|Any CPU = Debug|Any CPU
		Release|Any CPU = Release|Any CPU
	EndGlobalSection
	GlobalSection(ProjectConfigurationPlatforms) = postSolution
		{E03954E8-35D1-4547-8CDC-6DA9FF58B87D}.Debug|Any CPU.ActiveCfg = Debug|Any CPU
		{E03954E8-35D1-4547-8CDC-6DA9FF58B87D}.Debug|Any CPU.Build.0 = Debug|Any CPU
		{E03954E8-35D1-4547-8CDC-6DA9FF58B87D}.Release|Any CPU.ActiveCfg = Release|Any CPU
		{E03954E8-35D1-4547-8CDC-6DA9FF58B87D}.Release|Any CPU.Build.0 = Release|Any CPU
	EndGlobalSection
	GlobalSection(SolutionProperties) = preSolution
		HideSolutionNode = FALSE
	EndGlobalSection
	GlobalSection(ExtensibilityGlobals) = postSolution
		SolutionGuid = {6B3327AB-D858-4FB7-9736-78FB8908D2C3}
	EndGlobalSection
EndGlobal
